
Microsoft Visual Studio Solution File, Format Version 12.00
# Visual Studio Version 17
VisualStudioVersion = 17.14.36717.8 d17.14
MinimumVisualStudioVersion = 10.0.40219.1
Project("{FAE04EC0-301F-11D3-BF4B-00C04F79EFBC}") = "OrenburgCommunElectroNetwork", "OrenburgCommunElectroNetwork.csproj", "{15E0E42A-C5CD-4414-B3FB-58DE55992A60}"
EndProject
Global
	GlobalSection(SolutionConfigurationPlatforms) = preSolution
		Debug|Any CPU = Debug|Any CPU
		Release|Any CPU = Release|Any CPU
	EndGlobalSection
	GlobalSection(ProjectConfigurationPlatforms) = postSolution
		{15E0E42A-C5CD-4414-B3FB-58DE55992A60}.Debug|Any CPU.ActiveCfg = Debug|Any CPU
		{15E0E42A-C5CD-4414-B3FB-58DE55992A60}.Debug|Any CPU.Build.0 = Debug|Any CPU
		{15E0E42A-C5CD-4414-B3FB-58DE55992A60}.Release|Any CPU.ActiveCfg = Release|Any CPU
		{15E0E42A-C5CD-4414-B3FB-58DE55992A60}.Release|Any CPU.Build.0 = Release|Any CPU
	EndGlobalSection
	GlobalSection(SolutionProperties) = preSolution
		HideSolutionNode = FALSE
	EndGlobalSection
	GlobalSection(ExtensibilityGlobals) = postSolution
		SolutionGuid = {199400A7-2C74-4635-A771-E33088CA9521}
	EndGlobalSection
EndGlobal
